
Microsoft Visual Studio Solution File, Format Version 12.00
# Visual Studio Version 17
VisualStudioVersion = 17.6.33723.286
MinimumVisualStudioVersion = 10.0.40219.1
Project("{FAE04EC0-301F-11D3-BF4B-00C04F79EFBC}") = "HashTable", "HashTable\HashTable.csproj", "{0708CC57-4025-4D88-BBB2-FE69B2B96DF4}"
EndProject
Project("{FAE04EC0-301F-11D3-BF4B-00C04F79EFBC}") = "TestHash", "TestHash\TestHash.csproj", "{3B7EA537-4A18-4850-872A-526EDD0C6098}"
EndProject
Global
	GlobalSection(SolutionConfigurationPlatforms) = preSolution
		Debug|Any CPU = Debug|Any CPU
		Release|Any CPU = Release|Any CPU
	EndGlobalSection
	GlobalSection(ProjectConfigurationPlatforms) = postSolution
		{0708CC57-4025-4D88-BBB2-FE69B2B96DF4}.Debug|Any CPU.ActiveCfg = Debug|Any CPU
		{0708CC57-4025-4D88-BBB2-FE69B2B96DF4}.Debug|Any CPU.Build.0 = Debug|Any CPU
		{0708CC57-4025-4D88-BBB2-FE69B2B96DF4}.Release|Any CPU.ActiveCfg = Release|Any CPU
		{0708CC57-4025-4D88-BBB2-FE69B2B96DF4}.Release|Any CPU.Build.0 = Release|Any CPU
		{3B7EA537-4A18-4850-872A-526EDD0C6098}.Debug|Any CPU.ActiveCfg = Debug|Any CPU
		{3B7EA537-4A18-4850-872A-526EDD0C6098}.Debug|Any CPU.Build.0 = Debug|Any CPU
		{3B7EA537-4A18-4850-872A-526EDD0C6098}.Release|Any CPU.ActiveCfg = Release|Any CPU
		{3B7EA537-4A18-4850-872A-526EDD0C6098}.Release|Any CPU.Build.0 = Release|Any CPU
	EndGlobalSection
	GlobalSection(SolutionProperties) = preSolution
		HideSolutionNode = FALSE
	EndGlobalSection
	GlobalSection(ExtensibilityGlobals) = postSolution
		SolutionGuid = {5B91CEA3-C02B-4C9A-ACF0-CD22D6F3056F}
	EndGlobalSection
EndGlobal
