
Microsoft Visual Studio Solution File, Format Version 12.00
# Visual Studio Version 17
VisualStudioVersion = 17.6.33723.286
MinimumVisualStudioVersion = 10.0.40219.1
Project("{FAE04EC0-301F-11D3-BF4B-00C04F79EFBC}") = "Comparisons", "Comparisons\Comparisons.csproj", "{0D59AE3C-A229-4C4F-99D5-92E2563A1545}"
EndProject
Global
	GlobalSection(SolutionConfigurationPlatforms) = preSolution
		Debug|Any CPU = Debug|Any CPU
		Release|Any CPU = Release|Any CPU
	EndGlobalSection
	GlobalSection(ProjectConfigurationPlatforms) = postSolution
		{0D59AE3C-A229-4C4F-99D5-92E2563A1545}.Debug|Any CPU.ActiveCfg = Debug|Any CPU
		{0D59AE3C-A229-4C4F-99D5-92E2563A1545}.Debug|Any CPU.Build.0 = Debug|Any CPU
		{0D59AE3C-A229-4C4F-99D5-92E2563A1545}.Release|Any CPU.ActiveCfg = Release|Any CPU
		{0D59AE3C-A229-4C4F-99D5-92E2563A1545}.Release|Any CPU.Build.0 = Release|Any CPU
	EndGlobalSection
	GlobalSection(SolutionProperties) = preSolution
		HideSolutionNode = FALSE
	EndGlobalSection
	GlobalSection(ExtensibilityGlobals) = postSolution
		SolutionGuid = {A1A35656-FB97-4721-A8DE-838AA6508CD9}
	EndGlobalSection
EndGlobal
